
Microsoft Visual Studio Solution File, Format Version 12.00
# Visual Studio Version 17
VisualStudioVersion = 17.4.33110.190
MinimumVisualStudioVersion = 10.0.40219.1
Project("{2150E333-8FDC-42A3-9474-1A3956D46DE8}") = "src", "src", "{B62F9ED8-9C8F-4C61-9C3F-B82C0633AC3D}"
EndProject
Project("{9A19103F-16F7-4668-BE54-9A1E7A4F7556}") = "OpenSSL-FileHashVerify", "src\OpenSSL-FileHashVerify\OpenSSL-FileHashVerify.csproj", "{9813D7CC-EA69-4336-A529-D74C65078A34}"
EndProject
Global
	GlobalSection(SolutionConfigurationPlatforms) = preSolution
		Debug|Any CPU = Debug|Any CPU
		Release|Any CPU = Release|Any CPU
	EndGlobalSection
	GlobalSection(ProjectConfigurationPlatforms) = postSolution
		{9813D7CC-EA69-4336-A529-D74C65078A34}.Debug|Any CPU.ActiveCfg = Debug|Any CPU
		{9813D7CC-EA69-4336-A529-D74C65078A34}.Debug|Any CPU.Build.0 = Debug|Any CPU
		{9813D7CC-EA69-4336-A529-D74C65078A34}.Release|Any CPU.ActiveCfg = Release|Any CPU
		{9813D7CC-EA69-4336-A529-D74C65078A34}.Release|Any CPU.Build.0 = Release|Any CPU
	EndGlobalSection
	GlobalSection(SolutionProperties) = preSolution
		HideSolutionNode = FALSE
	EndGlobalSection
	GlobalSection(NestedProjects) = preSolution
		{9813D7CC-EA69-4336-A529-D74C65078A34} = {B62F9ED8-9C8F-4C61-9C3F-B82C0633AC3D}
	EndGlobalSection
	GlobalSection(ExtensibilityGlobals) = postSolution
		SolutionGuid = {A6924732-F97F-41EC-818E-68079D2F7223}
	EndGlobalSection
EndGlobal
